{
  "name": "smxt",
  "version": "1.0.7",
  "lockfileVersion": 3,
  "requires": true,
  "packages": {
    "": {
      "name": "smxt",
      "version": "1.0.7",
      "license": "MIT",
      "dependencies": {
        "@noble/ed25519": "^2.1.0",
        "base58-js": "^2.0.0",
        "crypto-js": "^4.2.0",
        "uuid": "^9.0.1"
      }
    },
    "node_modules/@noble/ed25519": {
      "version": "2.1.0",
      "resolved": "https://registry.npmjs.org/@noble/ed25519/-/ed25519-2.1.0.tgz",
      "integrity": "sha512-KM4qTyXPinyCgMzeYJH/UudpdL+paJXtY3CHtHYZQtBkS8MZoPr4rOikZllIutJe0d06QDQKisyn02gxZ8TcQA==",
      "funding": {
        "url": "https://paulmillr.com/funding/"
      }
    },
    "node_modules/base58-js": {
      "version": "2.0.0",
      "resolved": "https://registry.npmjs.org/base58-js/-/base58-js-2.0.0.tgz",
      "integrity": "sha512-nAV5d32QXuGcGptSApkKpC1gGakWBnfJMNjKrYTBh4tb0szfZF+ooueFLy8T4VrY+o4SrE/TyrtUnRZcwZchaA==",
      "engines": {
        "node": ">= 8"
      }
    },
    "node_modules/crypto-js": {
      "version": "4.2.0",
      "resolved": "https://registry.npmjs.org/crypto-js/-/crypto-js-4.2.0.tgz",
      "integrity": "sha512-KALDyEYgpY+Rlob/iriUtjV6d5Eq+Y191A5g4UqLAi8CyGP9N1+FdVbkc1SxKc2r4YAYqG8JzO2KGL+AizD70Q=="
    },
    "node_modules/uuid": {
      "version": "9.0.1",
      "resolved": "https://registry.npmjs.org/uuid/-/uuid-9.0.1.tgz",
      "integrity": "sha512-b+1eJOlsR9K8HJpow9Ok3fiWOWSIcIzXodvv0rQjVoOVNpWMpxf1wZNpt4y9h10odCNrqnYp1OBzRktckBe3sA==",
      "funding": [
        "https://github.com/sponsors/broofa",
        "https://github.com/sponsors/ctavan"
      ],
      "bin": {
        "uuid": "dist/bin/uuid"
      }
    }
  }
}
